
Microsoft Visual Studio Solution File, Format Version 12.00
# Visual Studio 15
VisualStudioVersion = 15.0.28010.2036
MinimumVisualStudioVersion = 10.0.40219.1
Project("{FAE04EC0-301F-11D3-BF4B-00C04F79EFBC}") = "WpfApp1Calculator", "WpfApp1Calculator.csproj", "{163212D7-61E2-48DB-900B-2A11CD5F7FAE}"
EndProject
Global
	GlobalSection(SolutionConfigurationPlatforms) = preSolution
		Debug|Any CPU = Debug|Any CPU
		Release|Any CPU = Release|Any CPU
	EndGlobalSection
	GlobalSection(ProjectConfigurationPlatforms) = postSolution
		{163212D7-61E2-48DB-900B-2A11CD5F7FAE}.Debug|Any CPU.ActiveCfg = Debug|Any CPU
		{163212D7-61E2-48DB-900B-2A11CD5F7FAE}.Debug|Any CPU.Build.0 = Debug|Any CPU
		{163212D7-61E2-48DB-900B-2A11CD5F7FAE}.Release|Any CPU.ActiveCfg = Release|Any CPU
		{163212D7-61E2-48DB-900B-2A11CD5F7FAE}.Release|Any CPU.Build.0 = Release|Any CPU
	EndGlobalSection
	GlobalSection(SolutionProperties) = preSolution
		HideSolutionNode = FALSE
	EndGlobalSection
	GlobalSection(ExtensibilityGlobals) = postSolution
		SolutionGuid = {0D89F7FD-AAEE-47C8-B2A2-34E1C76C9F77}
	EndGlobalSection
EndGlobal
